{
    "_meta": {
        "hash": {
            "sha256": "922902d080349740f48b1588eb33c242d24a446592b2daf1edb7d36c8e1a2cf0"
        },
        "pipfile-spec": 6,
        "requires": {
            "python_version": "3.10"
        },
        "sources": [
            {
                "name": "pypi",
                "url": "https://pypi.org/simple",
                "verify_ssl": true
            }
        ]
    },
    "default": {
        "bidict": {
            "hashes": [
                "sha256:415126d23a0c81e1a8c584a8fb1f6905ea090c772571803aeee0a2242e8e7ba0",
                "sha256:5c826b3e15e97cc6e615de295756847c282a79b79c5430d3bfc909b1ac9f5bd8"
            ],
            "markers": "python_version >= '3.7'",
            "version": "==0.22.0"
        },
        "python-engineio": {
            "hashes": [
                "sha256:7454314a529bba20e745928601ffeaf101c1b5aca9a6c4e48ad397803d10ea0c",
                "sha256:d8d8b072799c36cadcdcc2b40d2a560ce09797ab3d2d596b2ad519a5e4df19ae"
            ],
            "markers": "python_version >= '3.6'",
            "version": "==4.3.4"
        },
        "python-socketio": {
            "hashes": [
                "sha256:5011a0cd2545c954d7df09eef7489ec424c93b001cc146599cd72f1dd20f0d46",
                "sha256:86ee93591c1e781d339d9a61940e62fd6cbc838390653b52a7bcc4f7ce89fe47"
            ],
            "index": "pypi",
            "version": "==5.7.1"
        }
    },
    "develop": {}
}
